// !$*UTF8*$!
{
	archiveVersion = 1;
	classes = {
	};
	objectVersion = 56;
	objects = {

/* Begin PBXBuildFile section */
		8B552DDF2B00062D00EC5D64 /* Obj_DetectionApp.swift in Sources */ = {isa = PBXBuildFile; fileRef = 8B552DDE2B00062D00EC5D64 /* Obj_DetectionApp.swift */; };
		8B552DE12B00062D00EC5D64 /* ContentView.swift in Sources */ = {isa = PBXBuildFile; fileRef = 8B552DE02B00062D00EC5D64 /* ContentView.swift */; };
		8B552DE32B00062F00EC5D64 /* Assets.xcassets in Resources */ = {isa = PBXBuildFile; fileRef = 8B552DE22B00062F00EC5D64 /* Assets.xcassets */; };
		8B552DE62B00062F00EC5D64 /* Preview Assets.xcassets in Resources */ = {isa = PBXBuildFile; fileRef = 8B552DE52B00062F00EC5D64 /* Preview Assets.xcassets */; };
		8B552DF02B00063000EC5D64 /* Obj_DetectionTests.swift in Sources */ = {isa = PBXBuildFile; fileRef = 8B552DEF2B00063000EC5D64 /* Obj_DetectionTests.swift */; };
		8B552DFA2B00063000EC5D64 /* Obj_DetectionUITests.swift in Sources */ = {isa = PBXBuildFile; fileRef = 8B552DF92B00063000EC5D64 /* Obj_DetectionUITests.swift */; };
		8B552DFC2B00063000EC5D64 /* Obj_DetectionUITestsLaunchTests.swift in Sources */ = {isa = PBXBuildFile; fileRef = 8B552DFB2B00063000EC5D64 /* Obj_DetectionUITestsLaunchTests.swift */; };
		8B552E412B001B0D00EC5D64 /* ViewController.swift in Sources */ = {isa = PBXBuildFile; fileRef = 8B552E402B001B0D00EC5D64 /* ViewController.swift */; };
		8B552E432B1F7A9A00EC5D64 /* SpeechController.swift in Sources */ = {isa = PBXBuildFile; fileRef = 8B552E422B1F7A9A00EC5D64 /* SpeechController.swift */; };
/* End PBXBuildFile section */

/* Begin PBXContainerItemProxy section */
		8B552DEC2B00063000EC5D64 /* PBXContainerItemProxy */ = {
			isa = PBXContainerItemProxy;
			containerPortal = 8B552DD32B00062D00EC5D64 /* Project object */;
			proxyType = 1;
			remoteGlobalIDString = 8B552DDA2B00062D00EC5D64;
			remoteInfo = "Obj-Detection";
		};
		8B552DF62B00063000EC5D64 /* PBXContainerItemProxy */ = {
			isa = PBXContainerItemProxy;
			containerPortal = 8B552DD32B00062D00EC5D64 /* Project object */;
			proxyType = 1;
			remoteGlobalIDString = 8B552DDA2B00062D00EC5D64;
			remoteInfo = "Obj-Detection";
		};
/* End PBXContainerItemProxy section */

/* Begin PBXFileReference section */
		8B552DDB2B00062D00EC5D64 /* Obj-Detection.app */ = {isa = PBXFileReference; explicitFileType = wrapper.application; includeInIndex = 0; path = "Obj-Detection.app"; sourceTree = BUILT_PRODUCTS_DIR; };
		8B552DDE2B00062D00EC5D64 /* Obj_DetectionApp.swift */ = {isa = PBXFileReference; lastKnownFileType = sourcecode.swift; path = Obj_DetectionApp.swift; sourceTree = "<group>"; };
		8B552DE02B00062D00EC5D64 /* ContentView.swift */ = {isa = PBXFileReference; lastKnownFileType = sourcecode.swift; path = ContentView.swift; sourceTree = "<group>"; };
		8B552DE22B00062F00EC5D64 /* Assets.xcassets */ = {isa = PBXFileReference; lastKnownFileType = folder.assetcatalog; path = Assets.xcassets; sourceTree = "<group>"; };
		8B552DE52B00062F00EC5D64 /* Preview Assets.xcassets */ = {isa = PBXFileReference; lastKnownFileType = folder.assetcatalog; path = "Preview Assets.xcassets"; sourceTree = "<group>"; };
		8B552DEB2B00063000EC5D64 /* Obj-DetectionTests.xctest */ = {isa = PBXFileReference; explicitFileType = wrapper.cfbundle; includeInIndex = 0; path = "Obj-DetectionTests.xctest"; sourceTree = BUILT_PRODUCTS_DIR; };
		8B552DEF2B00063000EC5D64 /* Obj_DetectionTests.swift */ = {isa = PBXFileReference; lastKnownFileType = sourcecode.swift; path = Obj_DetectionTests.swift; sourceTree = "<group>"; };
		8B552DF52B00063000EC5D64 /* Obj-DetectionUITests.xctest */ = {isa = PBXFileReference; explicitFileType = wrapper.cfbundle; includeInIndex = 0; path = "Obj-DetectionUITests.xctest"; sourceTree = BUILT_PRODUCTS_DIR; };
		8B552DF92B00063000EC5D64 /* Obj_DetectionUITests.swift */ = {isa = PBXFileReference; lastKnownFileType = sourcecode.swift; path = Obj_DetectionUITests.swift; sourceTree = "<group>"; };
		8B552DFB2B00063000EC5D64 /* Obj_DetectionUITestsLaunchTests.swift */ = {isa = PBXFileReference; lastKnownFileType = sourcecode.swift; path = Obj_DetectionUITestsLaunchTests.swift; sourceTree = "<group>"; };
		8B552E402B001B0D00EC5D64 /* ViewController.swift */ = {isa = PBXFileReference; lastKnownFileType = sourcecode.swift; path = ViewController.swift; sourceTree = "<group>"; };
		8B552E422B1F7A9A00EC5D64 /* SpeechController.swift */ = {isa = PBXFileReference; lastKnownFileType = sourcecode.swift; path = SpeechController.swift; sourceTree = "<group>"; };
/* End PBXFileReference section */

/* Begin PBXFrameworksBuildPhase section */
		8B552DD82B00062D00EC5D64 /* Frameworks */ = {
			isa = PBXFrameworksBuildPhase;
			buildActionMask = 2147483647;
			files = (
			);
			runOnlyForDeploymentPostprocessing = 0;
		};
		8B552DE82B00063000EC5D64 /* Frameworks */ = {
			isa = PBXFrameworksBuildPhase;
			buildActionMask = 2147483647;
			files = (
			);
			runOnlyForDeploymentPostprocessing = 0;
		};
		8B552DF22B00063000EC5D64 /* Frameworks */ = {
			isa = PBXFrameworksBuildPhase;
			buildActionMask = 2147483647;
			files = (
			);
			runOnlyForDeploymentPostprocessing = 0;
		};
/* End PBXFrameworksBuildPhase section */

/* Begin PBXGroup section */
		8B552DD22B00062D00EC5D64 = {
			isa = PBXGroup;
			children = (
				8B552DDD2B00062D00EC5D64 /* Obj-Detection */,
				8B552DEE2B00063000EC5D64 /* Obj-DetectionTests */,
				8B552DF82B00063000EC5D64 /* Obj-DetectionUITests */,
				8B552DDC2B00062D00EC5D64 /* Products */,
			);
			sourceTree = "<group>";
		};
		8B552DDC2B00062D00EC5D64 /* Products */ = {
			isa = PBXGroup;
			children = (
				8B552DDB2B00062D00EC5D64 /* Obj-Detection.app */,
				8B552DEB2B00063000EC5D64 /* Obj-DetectionTests.xctest */,
				8B552DF52B00063000EC5D64 /* Obj-DetectionUITests.xctest */,
			);
			name = Products;
			sourceTree = "<group>";
		};
		8B552DDD2B00062D00EC5D64 /* Obj-Detection */ = {
			isa = PBXGroup;
			children = (
				8B552DDE2B00062D00EC5D64 /* Obj_DetectionApp.swift */,
				8B552DE02B00062D00EC5D64 /* ContentView.swift */,
				8B552E402B001B0D00EC5D64 /* ViewController.swift */,
				8B552E422B1F7A9A00EC5D64 /* SpeechController.swift */,
				8B552DE22B00062F00EC5D64 /* Assets.xcassets */,
				8B552DE42B00062F00EC5D64 /* Preview Content */,
			);
			path = "Obj-Detection";
			sourceTree = "<group>";
		};
		8B552DE42B00062F00EC5D64 /* Preview Content */ = {
			isa = PBXGroup;
			children = (
				8B552DE52B00062F00EC5D64 /* Preview Assets.xcassets */,
			);
			path = "Preview Content";
			sourceTree = "<group>";
		};
		8B552DEE2B00063000EC5D64 /* Obj-DetectionTests */ = {
			isa = PBXGroup;
			children = (
				8B552DEF2B00063000EC5D64 /* Obj_DetectionTests.swift */,
			);
			path = "Obj-DetectionTests";
			sourceTree = "<group>";
		};
		8B552DF82B00063000EC5D64 /* Obj-DetectionUITests */ = {
			isa = PBXGroup;
			children = (
				8B552DF92B00063000EC5D64 /* Obj_DetectionUITests.swift */,
				8B552DFB2B00063000EC5D64 /* Obj_DetectionUITestsLaunchTests.swift */,
			);
			path = "Obj-DetectionUITests";
			sourceTree = "<group>";
		};
/* End PBXGroup section */

/* Begin PBXNativeTarget section */
		8B552DDA2B00062D00EC5D64 /* Obj-Detection */ = {
			isa = PBXNativeTarget;
			buildConfigurationList = 8B552DFF2B00063000EC5D64 /* Build configuration list for PBXNativeTarget "Obj-Detection" */;
			buildPhases = (
				8B552DD72B00062D00EC5D64 /* Sources */,
				8B552DD82B00062D00EC5D64 /* Frameworks */,
				8B552DD92B00062D00EC5D64 /* Resources */,
			);
			buildRules = (
			);
			dependencies = (
			);
			name = "Obj-Detection";
			productName = "Obj-Detection";
			productReference = 8B552DDB2B00062D00EC5D64 /* Obj-Detection.app */;
			productType = "com.apple.product-type.application";
		};
		8B552DEA2B00063000EC5D64 /* Obj-DetectionTests */ = {
			isa = PBXNativeTarget;
			buildConfigurationList = 8B552E022B00063000EC5D64 /* Build configuration list for PBXNativeTarget "Obj-DetectionTests" */;
			buildPhases = (
				8B552DE72B00063000EC5D64 /* Sources */,
				8B552DE82B00063000EC5D64 /* Frameworks */,
				8B552DE92B00063000EC5D64 /* Resources */,
			);
			buildRules = (
			);
			dependencies = (
				8B552DED2B00063000EC5D64 /* PBXTargetDependency */,
			);
			name = "Obj-DetectionTests";
			productName = "Obj-DetectionTests";
			productReference = 8B552DEB2B00063000EC5D64 /* Obj-DetectionTests.xctest */;
			productType = "com.apple.product-type.bundle.unit-test";
		};
		8B552DF42B00063000EC5D64 /* Obj-DetectionUITests */ = {
			isa = PBXNativeTarget;
			buildConfigurationList = 8B552E052B00063000EC5D64 /* Build configuration list for PBXNativeTarget "Obj-DetectionUITests" */;
			buildPhases = (
				8B552DF12B00063000EC5D64 /* Sources */,
				8B552DF22B00063000EC5D64 /* Frameworks */,
				8B552DF32B00063000EC5D64 /* Resources */,
			);
			buildRules = (
			);
			dependencies = (
				8B552DF72B00063000EC5D64 /* PBXTargetDependency */,
			);
			name = "Obj-DetectionUITests";
			productName = "Obj-DetectionUITests";
			productReference = 8B552DF52B00063000EC5D64 /* Obj-DetectionUITests.xctest */;
			productType = "com.apple.product-type.bundle.ui-testing";
		};
/* End PBXNativeTarget section */

/* Begin PBXProject section */
		8B552DD32B00062D00EC5D64 /* Project object */ = {
			isa = PBXProject;
			attributes = {
				BuildIndependentTargetsInParallel = 1;
				LastSwiftUpdateCheck = 1500;
				LastUpgradeCheck = 1500;
				TargetAttributes = {
					8B552DDA2B00062D00EC5D64 = {
						CreatedOnToolsVersion = 15.0.1;
					};
					8B552DEA2B00063000EC5D64 = {
						CreatedOnToolsVersion = 15.0.1;
						TestTargetID = 8B552DDA2B00062D00EC5D64;
					};
					8B552DF42B00063000EC5D64 = {
						CreatedOnToolsVersion = 15.0.1;
						TestTargetID = 8B552DDA2B00062D00EC5D64;
					};
				};
			};
			buildConfigurationList = 8B552DD62B00062D00EC5D64 /* Build configuration list for PBXProject "Obj-Detection" */;
			compatibilityVersion = "Xcode 14.0";
			developmentRegion = en;
			hasScannedForEncodings = 0;
			knownRegions = (
				en,
				Base,
			);
			mainGroup = 8B552DD22B00062D00EC5D64;
			productRefGroup = 8B552DDC2B00062D00EC5D64 /* Products */;
			projectDirPath = "";
			projectRoot = "";
			targets = (
				8B552DDA2B00062D00EC5D64 /* Obj-Detection */,
				8B552DEA2B00063000EC5D64 /* Obj-DetectionTests */,
				8B552DF42B00063000EC5D64 /* Obj-DetectionUITests */,
			);
		};
/* End PBXProject section */

/* Begin PBXResourcesBuildPhase section */
		8B552DD92B00062D00EC5D64 /* Resources */ = {
			isa = PBXResourcesBuildPhase;
			buildActionMask = 2147483647;
			files = (
				8B552DE62B00062F00EC5D64 /* Preview Assets.xcassets in Resources */,
				8B552DE32B00062F00EC5D64 /* Assets.xcassets in Resources */,
			);
			runOnlyForDeploymentPostprocessing = 0;
		};
		8B552DE92B00063000EC5D64 /* Resources */ = {
			isa = PBXResourcesBuildPhase;
			buildActionMask = 2147483647;
			files = (
			);
			runOnlyForDeploymentPostprocessing = 0;
		};
		8B552DF32B00063000EC5D64 /* Resources */ = {
			isa = PBXResourcesBuildPhase;
			buildActionMask = 2147483647;
			files = (
			);
			runOnlyForDeploymentPostprocessing = 0;
		};
/* End PBXResourcesBuildPhase section */

/* Begin PBXSourcesBuildPhase section */
		8B552DD72B00062D00EC5D64 /* Sources */ = {
			isa = PBXSourcesBuildPhase;
			buildActionMask = 2147483647;
			files = (
				8B552E412B001B0D00EC5D64 /* ViewController.swift in Sources */,
				8B552DE12B00062D00EC5D64 /* ContentView.swift in Sources */,
				8B552E432B1F7A9A00EC5D64 /* SpeechController.swift in Sources */,
				8B552DDF2B00062D00EC5D64 /* Obj_DetectionApp.swift in Sources */,
			);
			runOnlyForDeploymentPostprocessing = 0;
		};
		8B552DE72B00063000EC5D64 /* Sources */ = {
			isa = PBXSourcesBuildPhase;
			buildActionMask = 2147483647;
			files = (
				8B552DF02B00063000EC5D64 /* Obj_DetectionTests.swift in Sources */,
			);
			runOnlyForDeploymentPostprocessing = 0;
		};
		8B552DF12B00063000EC5D64 /* Sources */ = {
			isa = PBXSourcesBuildPhase;
			buildActionMask = 2147483647;
			files = (
				8B552DFC2B00063000EC5D64 /* Obj_DetectionUITestsLaunchTests.swift in Sources */,
				8B552DFA2B00063000EC5D64 /* Obj_DetectionUITests.swift in Sources */,
			);
			runOnlyForDeploymentPostprocessing = 0;
		};
/* End PBXSourcesBuildPhase section */

/* Begin PBXTargetDependency section */
		8B552DED2B00063000EC5D64 /* PBXTargetDependency */ = {
			isa = PBXTargetDependency;
			target = 8B552DDA2B00062D00EC5D64 /* Obj-Detection */;
			targetProxy = 8B552DEC2B00063000EC5D64 /* PBXContainerItemProxy */;
		};
		8B552DF72B00063000EC5D64 /* PBXTargetDependency */ = {
			isa = PBXTargetDependency;
			target = 8B552DDA2B00062D00EC5D64 /* Obj-Detection */;
			targetProxy = 8B552DF62B00063000EC5D64 /* PBXContainerItemProxy */;
		};
/* End PBXTargetDependency section */

/* Begin XCBuildConfiguration section */
		8B552DFD2B00063000EC5D64 /* Debug */ = {
			isa = XCBuildConfiguration;
			buildSettings = {
				ALWAYS_SEARCH_USER_PATHS = NO;
				ASSETCATALOG_COMPILER_GENERATE_SWIFT_ASSET_SYMBOL_EXTENSIONS = YES;
				CLANG_ANALYZER_NONNULL = YES;
				CLANG_ANALYZER_NUMBER_OBJECT_CONVERSION = YES_AGGRESSIVE;
				CLANG_CXX_LANGUAGE_STANDARD = "gnu++20";
				CLANG_ENABLE_MODULES = YES;
				CLANG_ENABLE_OBJC_ARC = YES;
				CLANG_ENABLE_OBJC_WEAK = YES;
				CLANG_WARN_BLOCK_CAPTURE_AUTORELEASING = YES;
				CLANG_WARN_BOOL_CONVERSION = YES;
				CLANG_WARN_COMMA = YES;
				CLANG_WARN_CONSTANT_CONVERSION = YES;
				CLANG_WARN_DEPRECATED_OBJC_IMPLEMENTATIONS = YES;
				CLANG_WARN_DIRECT_OBJC_ISA_USAGE = YES_ERROR;
				CLANG_WARN_DOCUMENTATION_COMMENTS = YES;
				CLANG_WARN_EMPTY_BODY = YES;
				CLANG_WARN_ENUM_CONVERSION = YES;
				CLANG_WARN_INFINITE_RECURSION = YES;
				CLANG_WARN_INT_CONVERSION = YES;
				CLANG_WARN_NON_LITERAL_NULL_CONVERSION = YES;
				CLANG_WARN_OBJC_IMPLICIT_RETAIN_SELF = YES;
				CLANG_WARN_OBJC_LITERAL_CONVERSION = YES;
				CLANG_WARN_OBJC_ROOT_CLASS = YES_ERROR;
				CLANG_WARN_QUOTED_INCLUDE_IN_FRAMEWORK_HEADER = YES;
				CLANG_WARN_RANGE_LOOP_ANALYSIS = YES;
				CLANG_WARN_STRICT_PROTOTYPES = YES;
				CLANG_WARN_SUSPICIOUS_MOVE = YES;
				CLANG_WARN_UNGUARDED_AVAILABILITY = YES_AGGRESSIVE;
				CLANG_WARN_UNREACHABLE_CODE = YES;
				CLANG_WARN__DUPLICATE_METHOD_MATCH = YES;
				COPY_PHASE_STRIP = NO;
				DEBUG_INFORMATION_FORMAT = dwarf;
				ENABLE_STRICT_OBJC_MSGSEND = YES;
				ENABLE_TESTABILITY = YES;
				ENABLE_USER_SCRIPT_SANDBOXING = YES;
				GCC_C_LANGUAGE_STANDARD = gnu17;
				GCC_DYNAMIC_NO_PIC = NO;
				GCC_NO_COMMON_BLOCKS = YES;
				GCC_OPTIMIZATION_LEVEL = 0;
				GCC_PREPROCESSOR_DEFINITIONS = (
					"DEBUG=1",
					"$(inherited)",
				);
				GCC_WARN_64_TO_32_BIT_CONVERSION = YES;
				GCC_WARN_ABOUT_RETURN_TYPE = YES_ERROR;
				GCC_WARN_UNDECLARED_SELECTOR = YES;
				GCC_WARN_UNINITIALIZED_AUTOS = YES_AGGRESSIVE;
				GCC_WARN_UNUSED_FUNCTION = YES;
				GCC_WARN_UNUSED_VARIABLE = YES;
				IPHONEOS_DEPLOYMENT_TARGET = 17.0;
				LOCALIZATION_PREFERS_STRING_CATALOGS = YES;
				MTL_ENABLE_DEBUG_INFO = INCLUDE_SOURCE;
				MTL_FAST_MATH = YES;
				ONLY_ACTIVE_ARCH = YES;
				SDKROOT = iphoneos;
				SWIFT_ACTIVE_COMPILATION_CONDITIONS = "DEBUG $(inherited)";
				SWIFT_OPTIMIZATION_LEVEL = "-Onone";
			};
			name = Debug;
		};
		8B552DFE2B00063000EC5D64 /* Release */ = {
			isa = XCBuildConfiguration;
			buildSettings = {
				ALWAYS_SEARCH_USER_PATHS = NO;
				ASSETCATALOG_COMPILER_GENERATE_SWIFT_ASSET_SYMBOL_EXTENSIONS = YES;
				CLANG_ANALYZER_NONNULL = YES;
				CLANG_ANALYZER_NUMBER_OBJECT_CONVERSION = YES_AGGRESSIVE;
				CLANG_CXX_LANGUAGE_STANDARD = "gnu++20";
				CLANG_ENABLE_MODULES = YES;
				CLANG_ENABLE_OBJC_ARC = YES;
				CLANG_ENABLE_OBJC_WEAK = YES;
				CLANG_WARN_BLOCK_CAPTURE_AUTORELEASING = YES;
				CLANG_WARN_BOOL_CONVERSION = YES;
				CLANG_WARN_COMMA = YES;
				CLANG_WARN_CONSTANT_CONVERSION = YES;
				CLANG_WARN_DEPRECATED_OBJC_IMPLEMENTATIONS = YES;
				CLANG_WARN_DIRECT_OBJC_ISA_USAGE = YES_ERROR;
				CLANG_WARN_DOCUMENTATION_COMMENTS = YES;
				CLANG_WARN_EMPTY_BODY = YES;
				CLANG_WARN_ENUM_CONVERSION = YES;
				CLANG_WARN_INFINITE_RECURSION = YES;
				CLANG_WARN_INT_CONVERSION = YES;
				CLANG_WARN_NON_LITERAL_NULL_CONVERSION = YES;
				CLANG_WARN_OBJC_IMPLICIT_RETAIN_SELF = YES;
				CLANG_WARN_OBJC_LITERAL_CONVERSION = YES;
				CLANG_WARN_OBJC_ROOT_CLASS = YES_ERROR;
				CLANG_WARN_QUOTED_INCLUDE_IN_FRAMEWORK_HEADER = YES;
				CLANG_WARN_RANGE_LOOP_ANALYSIS = YES;
				CLANG_WARN_STRICT_PROTOTYPES = YES;
				CLANG_WARN_SUSPICIOUS_MOVE = YES;
				CLANG_WARN_UNGUARDED_AVAILABILITY = YES_AGGRESSIVE;
				CLANG_WARN_UNREACHABLE_CODE = YES;
				CLANG_WARN__DUPLICATE_METHOD_MATCH = YES;
				COPY_PHASE_STRIP = NO;
				DEBUG_INFORMATION_FORMAT = "dwarf-with-dsym";
				ENABLE_NS_ASSERTIONS = NO;
				ENABLE_STRICT_OBJC_MSGSEND = YES;
				ENABLE_USER_SCRIPT_SANDBOXING = YES;
				GCC_C_LANGUAGE_STANDARD = gnu17;
				GCC_NO_COMMON_BLOCKS = YES;
				GCC_WARN_64_TO_32_BIT_CONVERSION = YES;
				GCC_WARN_ABOUT_RETURN_TYPE = YES_ERROR;
				GCC_WARN_UNDECLARED_SELECTOR = YES;
				GCC_WARN_UNINITIALIZED_AUTOS = YES_AGGRESSIVE;
				GCC_WARN_UNUSED_FUNCTION = YES;
				GCC_WARN_UNUSED_VARIABLE = YES;
				IPHONEOS_DEPLOYMENT_TARGET = 17.0;
				LOCALIZATION_PREFERS_STRING_CATALOGS = YES;
				MTL_ENABLE_DEBUG_INFO = NO;
				MTL_FAST_MATH = YES;
				SDKROOT = iphoneos;
				SWIFT_COMPILATION_MODE = wholemodule;
				VALIDATE_PRODUCT = YES;
			};
			name = Release;
		};
		8B552E002B00063000EC5D64 /* Debug */ = {
			isa = XCBuildConfiguration;
			buildSettings = {
				ASSETCATALOG_COMPILER_APPICON_NAME = AppIcon;
				ASSETCATALOG_COMPILER_GLOBAL_ACCENT_COLOR_NAME = AccentColor;
				CODE_SIGN_STYLE = Automatic;
				CURRENT_PROJECT_VERSION = 1;
				DEVELOPMENT_ASSET_PATHS = "\"Obj-Detection/Preview Content\"";
				DEVELOPMENT_TEAM = T8JM69T975;
				ENABLE_PREVIEWS = YES;
				GENERATE_INFOPLIST_FILE = YES;
				INFOPLIST_KEY_NSCameraUsageDescription = "App uses camera for object detection";
				INFOPLIST_KEY_NSMicrophoneUsageDescription = "This app uses the microphone.";
				INFOPLIST_KEY_NSSpeechRecognitionUsageDescription = "\"N.O.D\" uses speech recognition for taking user requests.";
				INFOPLIST_KEY_UIApplicationSceneManifest_Generation = YES;
				INFOPLIST_KEY_UIApplicationSupportsIndirectInputEvents = YES;
				INFOPLIST_KEY_UILaunchScreen_Generation = YES;
				INFOPLIST_KEY_UISupportedInterfaceOrientations_iPad = "UIInterfaceOrientationPortrait UIInterfaceOrientationPortraitUpsideDown UIInterfaceOrientationLandscapeLeft UIInterfaceOrientationLandscapeRight";
				INFOPLIST_KEY_UISupportedInterfaceOrientations_iPhone = "UIInterfaceOrientationPortrait UIInterfaceOrientationLandscapeLeft UIInterfaceOrientationLandscapeRight";
				IPHONEOS_DEPLOYMENT_TARGET = 16.0;
				LD_RUNPATH_SEARCH_PATHS = (
					"$(inherited)",
					"@executable_path/Frameworks",
				);
				MARKETING_VERSION = 1.0;
				PRODUCT_BUNDLE_IDENTIFIER = "AT-TEAM3.Obj-Detection";
				PRODUCT_NAME = "$(TARGET_NAME)";
				SWIFT_EMIT_LOC_STRINGS = YES;
				SWIFT_VERSION = 5.0;
				TARGETED_DEVICE_FAMILY = "1,2";
			};
			name = Debug;
		};
		8B552E012B00063000EC5D64 /* Release */ = {
			isa = XCBuildConfiguration;
			buildSettings = {
				ASSETCATALOG_COMPILER_APPICON_NAME = AppIcon;
				ASSETCATALOG_COMPILER_GLOBAL_ACCENT_COLOR_NAME = AccentColor;
				CODE_SIGN_STYLE = Automatic;
				CURRENT_PROJECT_VERSION = 1;
				DEVELOPMENT_ASSET_PATHS = "\"Obj-Detection/Preview Content\"";
				DEVELOPMENT_TEAM = T8JM69T975;
				ENABLE_PREVIEWS = YES;
				GENERATE_INFOPLIST_FILE = YES;
				INFOPLIST_KEY_NSCameraUsageDescription = "App uses camera for object detection";
				INFOPLIST_KEY_NSMicrophoneUsageDescription = "This app uses the microphone.";
				INFOPLIST_KEY_NSSpeechRecognitionUsageDescription = "\"N.O.D\" uses speech recognition for taking user requests.";
				INFOPLIST_KEY_UIApplicationSceneManifest_Generation = YES;
				INFOPLIST_KEY_UIApplicationSupportsIndirectInputEvents = YES;
				INFOPLIST_KEY_UILaunchScreen_Generation = YES;
				INFOPLIST_KEY_UISupportedInterfaceOrientations_iPad = "UIInterfaceOrientationPortrait UIInterfaceOrientationPortraitUpsideDown UIInterfaceOrientationLandscapeLeft UIInterfaceOrientationLandscapeRight";
				INFOPLIST_KEY_UISupportedInterfaceOrientations_iPhone = "UIInterfaceOrientationPortrait UIInterfaceOrientationLandscapeLeft UIInterfaceOrientationLandscapeRight";
				IPHONEOS_DEPLOYMENT_TARGET = 16.0;
				LD_RUNPATH_SEARCH_PATHS = (
					"$(inherited)",
					"@executable_path/Frameworks",
				);
				MARKETING_VERSION = 1.0;
				PRODUCT_BUNDLE_IDENTIFIER = "AT-TEAM3.Obj-Detection";
				PRODUCT_NAME = "$(TARGET_NAME)";
				SWIFT_EMIT_LOC_STRINGS = YES;
				SWIFT_VERSION = 5.0;
				TARGETED_DEVICE_FAMILY = "1,2";
			};
			name = Release;
		};
		8B552E032B00063000EC5D64 /* Debug */ = {
			isa = XCBuildConfiguration;
			buildSettings = {
				ALWAYS_EMBED_SWIFT_STANDARD_LIBRARIES = YES;
				BUNDLE_LOADER = "$(TEST_HOST)";
				CODE_SIGN_STYLE = Automatic;
				CURRENT_PROJECT_VERSION = 1;
				GENERATE_INFOPLIST_FILE = YES;
				IPHONEOS_DEPLOYMENT_TARGET = 17.0;
				MARKETING_VERSION = 1.0;
				PRODUCT_BUNDLE_IDENTIFIER = "AT-TEAM3.Obj-DetectionTests";
				PRODUCT_NAME = "$(TARGET_NAME)";
				SWIFT_EMIT_LOC_STRINGS = NO;
				SWIFT_VERSION = 5.0;
				TARGETED_DEVICE_FAMILY = "1,2";
				TEST_HOST = "$(BUILT_PRODUCTS_DIR)/Obj-Detection.app/$(BUNDLE_EXECUTABLE_FOLDER_PATH)/Obj-Detection";
			};
			name = Debug;
		};
		8B552E042B00063000EC5D64 /* Release */ = {
			isa = XCBuildConfiguration;
			buildSettings = {
				ALWAYS_EMBED_SWIFT_STANDARD_LIBRARIES = YES;
				BUNDLE_LOADER = "$(TEST_HOST)";
				CODE_SIGN_STYLE = Automatic;
				CURRENT_PROJECT_VERSION = 1;
				GENERATE_INFOPLIST_FILE = YES;
				IPHONEOS_DEPLOYMENT_TARGET = 17.0;
				MARKETING_VERSION = 1.0;
				PRODUCT_BUNDLE_IDENTIFIER = "AT-TEAM3.Obj-DetectionTests";
				PRODUCT_NAME = "$(TARGET_NAME)";
				SWIFT_EMIT_LOC_STRINGS = NO;
				SWIFT_VERSION = 5.0;
				TARGETED_DEVICE_FAMILY = "1,2";
				TEST_HOST = "$(BUILT_PRODUCTS_DIR)/Obj-Detection.app/$(BUNDLE_EXECUTABLE_FOLDER_PATH)/Obj-Detection";
			};
			name = Release;
		};
		8B552E062B00063000EC5D64 /* Debug */ = {
			isa = XCBuildConfiguration;
			buildSettings = {
				ALWAYS_EMBED_SWIFT_STANDARD_LIBRARIES = YES;
				CODE_SIGN_STYLE = Automatic;
				CURRENT_PROJECT_VERSION = 1;
				GENERATE_INFOPLIST_FILE = YES;
				MARKETING_VERSION = 1.0;
				PRODUCT_BUNDLE_IDENTIFIER = "AT-TEAM3.Obj-DetectionUITests";
				PRODUCT_NAME = "$(TARGET_NAME)";
				SWIFT_EMIT_LOC_STRINGS = NO;
				SWIFT_VERSION = 5.0;
				TARGETED_DEVICE_FAMILY = "1,2";
				TEST_TARGET_NAME = "Obj-Detection";
			};
			name = Debug;
		};
		8B552E072B00063000EC5D64 /* Release */ = {
			isa = XCBuildConfiguration;
			buildSettings = {
				ALWAYS_EMBED_SWIFT_STANDARD_LIBRARIES = YES;
				CODE_SIGN_STYLE = Automatic;
				CURRENT_PROJECT_VERSION = 1;
				GENERATE_INFOPLIST_FILE = YES;
				MARKETING_VERSION = 1.0;
				PRODUCT_BUNDLE_IDENTIFIER = "AT-TEAM3.Obj-DetectionUITests";
				PRODUCT_NAME = "$(TARGET_NAME)";
				SWIFT_EMIT_LOC_STRINGS = NO;
				SWIFT_VERSION = 5.0;
				TARGETED_DEVICE_FAMILY = "1,2";
				TEST_TARGET_NAME = "Obj-Detection";
			};
			name = Release;
		};
/* End XCBuildConfiguration section */

/* Begin XCConfigurationList section */
		8B552DD62B00062D00EC5D64 /* Build configuration list for PBXProject "Obj-Detection" */ = {
			isa = XCConfigurationList;
			buildConfigurations = (
				8B552DFD2B00063000EC5D64 /* Debug */,
				8B552DFE2B00063000EC5D64 /* Release */,
			);
			defaultConfigurationIsVisible = 0;
			defaultConfigurationName = Release;
		};
		8B552DFF2B00063000EC5D64 /* Build configuration list for PBXNativeTarget "Obj-Detection" */ = {
			isa = XCConfigurationList;
			buildConfigurations = (
				8B552E002B00063000EC5D64 /* Debug */,
				8B552E012B00063000EC5D64 /* Release */,
			);
			defaultConfigurationIsVisible = 0;
			defaultConfigurationName = Release;
		};
		8B552E022B00063000EC5D64 /* Build configuration list for PBXNativeTarget "Obj-DetectionTests" */ = {
			isa = XCConfigurationList;
			buildConfigurations = (
				8B552E032B00063000EC5D64 /* Debug */,
				8B552E042B00063000EC5D64 /* Release */,
			);
			defaultConfigurationIsVisible = 0;
			defaultConfigurationName = Release;
		};
		8B552E052B00063000EC5D64 /* Build configuration list for PBXNativeTarget "Obj-DetectionUITests" */ = {
			isa = XCConfigurationList;
			buildConfigurations = (
				8B552E062B00063000EC5D64 /* Debug */,
				8B552E072B00063000EC5D64 /* Release */,
			);
			defaultConfigurationIsVisible = 0;
			defaultConfigurationName = Release;
		};
/* End XCConfigurationList section */
	};
	rootObject = 8B552DD32B00062D00EC5D64 /* Project object */;
}
